
Microsoft Visual Studio Solution File, Format Version 12.00
# Visual Studio Version 17
VisualStudioVersion = 17.1.32319.34
MinimumVisualStudioVersion = 10.0.40219.1
Project("{FAE04EC0-301F-11D3-BF4B-00C04F79EFBC}") = "PrimeNumberServer", "PrimeNumberServer.csproj", "{24201BC3-5241-40FD-A825-C31E2EC33CDA}"
EndProject
Global
	GlobalSection(SolutionConfigurationPlatforms) = preSolution
		Debug|Any CPU = Debug|Any CPU
		Release|Any CPU = Release|Any CPU
	EndGlobalSection
	GlobalSection(ProjectConfigurationPlatforms) = postSolution
		{24201BC3-5241-40FD-A825-C31E2EC33CDA}.Debug|Any CPU.ActiveCfg = Debug|Any CPU
		{24201BC3-5241-40FD-A825-C31E2EC33CDA}.Debug|Any CPU.Build.0 = Debug|Any CPU
		{24201BC3-5241-40FD-A825-C31E2EC33CDA}.Release|Any CPU.ActiveCfg = Release|Any CPU
		{24201BC3-5241-40FD-A825-C31E2EC33CDA}.Release|Any CPU.Build.0 = Release|Any CPU
	EndGlobalSection
	GlobalSection(SolutionProperties) = preSolution
		HideSolutionNode = FALSE
	EndGlobalSection
	GlobalSection(ExtensibilityGlobals) = postSolution
		SolutionGuid = {55577561-3102-45B4-8222-2F43349BA0FF}
	EndGlobalSection
EndGlobal
