
Microsoft Visual Studio Solution File, Format Version 12.00
# Visual Studio Version 17
VisualStudioVersion = 17.1.32319.34
MinimumVisualStudioVersion = 10.0.40219.1
Project("{FAE04EC0-301F-11D3-BF4B-00C04F79EFBC}") = "RevolvingGamesClient", "RevolvingGamesClient.csproj", "{54649C3F-37F8-4775-BDF0-0BB53C675D07}"
EndProject
Global
	GlobalSection(SolutionConfigurationPlatforms) = preSolution
		Debug|Any CPU = Debug|Any CPU
		Release|Any CPU = Release|Any CPU
	EndGlobalSection
	GlobalSection(ProjectConfigurationPlatforms) = postSolution
		{54649C3F-37F8-4775-BDF0-0BB53C675D07}.Debug|Any CPU.ActiveCfg = Debug|Any CPU
		{54649C3F-37F8-4775-BDF0-0BB53C675D07}.Debug|Any CPU.Build.0 = Debug|Any CPU
		{54649C3F-37F8-4775-BDF0-0BB53C675D07}.Release|Any CPU.ActiveCfg = Release|Any CPU
		{54649C3F-37F8-4775-BDF0-0BB53C675D07}.Release|Any CPU.Build.0 = Release|Any CPU
	EndGlobalSection
	GlobalSection(SolutionProperties) = preSolution
		HideSolutionNode = FALSE
	EndGlobalSection
	GlobalSection(ExtensibilityGlobals) = postSolution
		SolutionGuid = {B00FF285-A196-42E1-B747-B6061FA3D73C}
	EndGlobalSection
EndGlobal
